// !$*UTF8*$!
{
	archiveVersion = 1;
	classes = {
	};
	objectVersion = 46;
	objects = {

/* Begin PBXBuildFile section */
		CB617D94172066CE00197BD5 /* UIKit.framework in Frameworks */ = {isa = PBXBuildFile; fileRef = CB617D93172066CE00197BD5 /* UIKit.framework */; };
		CB617D96172066CE00197BD5 /* Foundation.framework in Frameworks */ = {isa = PBXBuildFile; fileRef = CB617D95172066CE00197BD5 /* Foundation.framework */; };
		CB617D98172066CE00197BD5 /* CoreGraphics.framework in Frameworks */ = {isa = PBXBuildFile; fileRef = CB617D97172066CE00197BD5 /* CoreGraphics.framework */; };
		CB617D9E172066CE00197BD5 /* InfoPlist.strings in Resources */ = {isa = PBXBuildFile; fileRef = CB617D9C172066CE00197BD5 /* InfoPlist.strings */; };
		CB617DA0172066CE00197BD5 /* main.m in Sources */ = {isa = PBXBuildFile; fileRef = CB617D9F172066CE00197BD5 /* main.m */; };
		CB617DA4172066CE00197BD5 /* AppDelegate.m in Sources */ = {isa = PBXBuildFile; fileRef = CB617DA3172066CE00197BD5 /* AppDelegate.m */; };
		CB617DA6172066CE00197BD5 /* Default.png in Resources */ = {isa = PBXBuildFile; fileRef = CB617DA5172066CE00197BD5 /* Default.png */; };
		CB617DA8172066CE00197BD5 /* Default@2x.png in Resources */ = {isa = PBXBuildFile; fileRef = CB617DA7172066CE00197BD5 /* Default@2x.png */; };
		CB617DAA172066CE00197BD5 /* Default-568h@2x.png in Resources */ = {isa = PBXBuildFile; fileRef = CB617DA9172066CE00197BD5 /* Default-568h@2x.png */; };
		CB617DAD172066CE00197BD5 /* ViewController.m in Sources */ = {isa = PBXBuildFile; fileRef = CB617DAC172066CE00197BD5 /* ViewController.m */; };
		CB617DB0172066CE00197BD5 /* ViewController.xib in Resources */ = {isa = PBXBuildFile; fileRef = CB617DAE172066CE00197BD5 /* ViewController.xib */; };
/* End PBXBuildFile section */

/* Begin PBXFileReference section */
		CB617D90172066CE00197BD5 /* AOC1.app */ = {isa = PBXFileReference; explicitFileType = wrapper.application; includeInIndex = 0; path = AOC1.app; sourceTree = BUILT_PRODUCTS_DIR; };
		CB617D93172066CE00197BD5 /* UIKit.framework */ = {isa = PBXFileReference; lastKnownFileType = wrapper.framework; name = UIKit.framework; path = System/Library/Frameworks/UIKit.framework; sourceTree = SDKROOT; };
		CB617D95172066CE00197BD5 /* Foundation.framework */ = {isa = PBXFileReference; lastKnownFileType = wrapper.framework; name = Foundation.framework; path = System/Library/Frameworks/Foundation.framework; sourceTree = SDKROOT; };
		CB617D97172066CE00197BD5 /* CoreGraphics.framework */ = {isa = PBXFileReference; lastKnownFileType = wrapper.framework; name = CoreGraphics.framework; path = System/Library/Frameworks/CoreGraphics.framework; sourceTree = SDKROOT; };
		CB617D9B172066CE00197BD5 /* AOC1-Info.plist */ = {isa = PBXFileReference; lastKnownFileType = text.plist.xml; path = "AOC1-Info.plist"; sourceTree = "<group>"; };
		CB617D9D172066CE00197BD5 /* en */ = {isa = PBXFileReference; lastKnownFileType = text.plist.strings; name = en; path = en.lproj/InfoPlist.strings; sourceTree = "<group>"; };
		CB617D9F172066CE00197BD5 /* main.m */ = {isa = PBXFileReference; lastKnownFileType = sourcecode.c.objc; path = main.m; sourceTree = "<group>"; };
		CB617DA1172066CE00197BD5 /* AOC1-Prefix.pch */ = {isa = PBXFileReference; lastKnownFileType = sourcecode.c.h; path = "AOC1-Prefix.pch"; sourceTree = "<group>"; };
		CB617DA2172066CE00197BD5 /* AppDelegate.h */ = {isa = PBXFileReference; lastKnownFileType = sourcecode.c.h; path = AppDelegate.h; sourceTree = "<group>"; };
		CB617DA3172066CE00197BD5 /* AppDelegate.m */ = {isa = PBXFileReference; lastKnownFileType = sourcecode.c.objc; path = AppDelegate.m; sourceTree = "<group>"; };
		CB617DA5172066CE00197BD5 /* Default.png */ = {isa = PBXFileReference; lastKnownFileType = image.png; path = Default.png; sourceTree = "<group>"; };
		CB617DA7172066CE00197BD5 /* Default@2x.png */ = {isa = PBXFileReference; lastKnownFileType = image.png; path = "Default@2x.png"; sourceTree = "<group>"; };
		CB617DA9172066CE00197BD5 /* Default-568h@2x.png */ = {isa = PBXFileReference; lastKnownFileType = image.png; path = "Default-568h@2x.png"; sourceTree = "<group>"; };
		CB617DAB172066CE00197BD5 /* ViewController.h */ = {isa = PBXFileReference; lastKnownFileType = sourcecode.c.h; path = ViewController.h; sourceTree = "<group>"; };
		CB617DAC172066CE00197BD5 /* ViewController.m */ = {isa = PBXFileReference; lastKnownFileType = sourcecode.c.objc; path = ViewController.m; sourceTree = "<group>"; };
		CB617DAF172066CE00197BD5 /* en */ = {isa = PBXFileReference; lastKnownFileType = file.xib; name = en; path = en.lproj/ViewController.xib; sourceTree = "<group>"; };
/* End PBXFileReference section */

/* Begin PBXFrameworksBuildPhase section */
		CB617D8D172066CE00197BD5 /* Frameworks */ = {
			isa = PBXFrameworksBuildPhase;
			buildActionMask = 2147483647;
			files = (
				CB617D94172066CE00197BD5 /* UIKit.framework in Frameworks */,
				CB617D96172066CE00197BD5 /* Foundation.framework in Frameworks */,
				CB617D98172066CE00197BD5 /* CoreGraphics.framework in Frameworks */,
			);
			runOnlyForDeploymentPostprocessing = 0;
		};
/* End PBXFrameworksBuildPhase section */

/* Begin PBXGroup section */
		CB617D87172066CE00197BD5 = {
			isa = PBXGroup;
			children = (
				CB617D99172066CE00197BD5 /* AOC1 */,
				CB617D92172066CE00197BD5 /* Frameworks */,
				CB617D91172066CE00197BD5 /* Products */,
			);
			sourceTree = "<group>";
		};
		CB617D91172066CE00197BD5 /* Products */ = {
			isa = PBXGroup;
			children = (
				CB617D90172066CE00197BD5 /* AOC1.app */,
			);
			name = Products;
			sourceTree = "<group>";
		};
		CB617D92172066CE00197BD5 /* Frameworks */ = {
			isa = PBXGroup;
			children = (
				CB617D93172066CE00197BD5 /* UIKit.framework */,
				CB617D95172066CE00197BD5 /* Foundation.framework */,
				CB617D97172066CE00197BD5 /* CoreGraphics.framework */,
			);
			name = Frameworks;
			sourceTree = "<group>";
		};
		CB617D99172066CE00197BD5 /* AOC1 */ = {
			isa = PBXGroup;
			children = (
				CB617DA2172066CE00197BD5 /* AppDelegate.h */,
				CB617DA3172066CE00197BD5 /* AppDelegate.m */,
				CB617DAB172066CE00197BD5 /* ViewController.h */,
				CB617DAC172066CE00197BD5 /* ViewController.m */,
				CB617DAE172066CE00197BD5 /* ViewController.xib */,
				CB617D9A172066CE00197BD5 /* Supporting Files */,
			);
			path = AOC1;
			sourceTree = "<group>";
		};
		CB617D9A172066CE00197BD5 /* Supporting Files */ = {
			isa = PBXGroup;
			children = (
				CB617D9B172066CE00197BD5 /* AOC1-Info.plist */,
				CB617D9C172066CE00197BD5 /* InfoPlist.strings */,
				CB617D9F172066CE00197BD5 /* main.m */,
				CB617DA1172066CE00197BD5 /* AOC1-Prefix.pch */,
				CB617DA5172066CE00197BD5 /* Default.png */,
				CB617DA7172066CE00197BD5 /* Default@2x.png */,
				CB617DA9172066CE00197BD5 /* Default-568h@2x.png */,
			);
			name = "Supporting Files";
			sourceTree = "<group>";
		};
/* End PBXGroup section */

/* Begin PBXNativeTarget section */
		CB617D8F172066CE00197BD5 /* AOC1 */ = {
			isa = PBXNativeTarget;
			buildConfigurationList = CB617DB3172066CE00197BD5 /* Build configuration list for PBXNativeTarget "AOC1" */;
			buildPhases = (
				CB617D8C172066CE00197BD5 /* Sources */,
				CB617D8D172066CE00197BD5 /* Frameworks */,
				CB617D8E172066CE00197BD5 /* Resources */,
			);
			buildRules = (
			);
			dependencies = (
			);
			name = AOC1;
			productName = AOC1;
			productReference = CB617D90172066CE00197BD5 /* AOC1.app */;
			productType = "com.apple.product-type.application";
		};
/* End PBXNativeTarget section */

/* Begin PBXProject section */
		CB617D88172066CE00197BD5 /* Project object */ = {
			isa = PBXProject;
			attributes = {
				LastUpgradeCheck = 0460;
				ORGANIZATIONNAME = "Justin Tilley";
			};
			buildConfigurationList = CB617D8B172066CE00197BD5 /* Build configuration list for PBXProject "AOC1" */;
			compatibilityVersion = "Xcode 3.2";
			developmentRegion = English;
			hasScannedForEncodings = 0;
			knownRegions = (
				en,
			);
			mainGroup = CB617D87172066CE00197BD5;
			productRefGroup = CB617D91172066CE00197BD5 /* Products */;
			projectDirPath = "";
			projectRoot = "";
			targets = (
				CB617D8F172066CE00197BD5 /* AOC1 */,
			);
		};
/* End PBXProject section */

/* Begin PBXResourcesBuildPhase section */
		CB617D8E172066CE00197BD5 /* Resources */ = {
			isa = PBXResourcesBuildPhase;
			buildActionMask = 2147483647;
			files = (
				CB617D9E172066CE00197BD5 /* InfoPlist.strings in Resources */,
				CB617DA6172066CE00197BD5 /* Default.png in Resources */,
				CB617DA8172066CE00197BD5 /* Default@2x.png in Resources */,
				CB617DAA172066CE00197BD5 /* Default-568h@2x.png in Resources */,
				CB617DB0172066CE00197BD5 /* ViewController.xib in Resources */,
			);
			runOnlyForDeploymentPostprocessing = 0;
		};
/* End PBXResourcesBuildPhase section */

/* Begin PBXSourcesBuildPhase section */
		CB617D8C172066CE00197BD5 /* Sources */ = {
			isa = PBXSourcesBuildPhase;
			buildActionMask = 2147483647;
			files = (
				CB617DA0172066CE00197BD5 /* main.m in Sources */,
				CB617DA4172066CE00197BD5 /* AppDelegate.m in Sources */,
				CB617DAD172066CE00197BD5 /* ViewController.m in Sources */,
			);
			runOnlyForDeploymentPostprocessing = 0;
		};
/* End PBXSourcesBuildPhase section */

/* Begin PBXVariantGroup section */
		CB617D9C172066CE00197BD5 /* InfoPlist.strings */ = {
			isa = PBXVariantGroup;
			children = (
				CB617D9D172066CE00197BD5 /* en */,
			);
			name = InfoPlist.strings;
			sourceTree = "<group>";
		};
		CB617DAE172066CE00197BD5 /* ViewController.xib */ = {
			isa = PBXVariantGroup;
			children = (
				CB617DAF172066CE00197BD5 /* en */,
			);
			name = ViewController.xib;
			sourceTree = "<group>";
		};
/* End PBXVariantGroup section */

/* Begin XCBuildConfiguration section */
		CB617DB1172066CE00197BD5 /* Debug */ = {
			isa = XCBuildConfiguration;
			buildSettings = {
				ALWAYS_SEARCH_USER_PATHS = NO;
				CLANG_CXX_LANGUAGE_STANDARD = "gnu++0x";
				CLANG_CXX_LIBRARY = "libc++";
				CLANG_WARN_CONSTANT_CONVERSION = YES;
				CLANG_WARN_EMPTY_BODY = YES;
				CLANG_WARN_ENUM_CONVERSION = YES;
				CLANG_WARN_INT_CONVERSION = YES;
				CLANG_WARN__DUPLICATE_METHOD_MATCH = YES;
				"CODE_SIGN_IDENTITY[sdk=iphoneos*]" = "iPhone Developer";
				COPY_PHASE_STRIP = NO;
				GCC_C_LANGUAGE_STANDARD = gnu99;
				GCC_DYNAMIC_NO_PIC = NO;
				GCC_OPTIMIZATION_LEVEL = 0;
				GCC_PREPROCESSOR_DEFINITIONS = (
					"DEBUG=1",
					"$(inherited)",
				);
				GCC_SYMBOLS_PRIVATE_EXTERN = NO;
				GCC_WARN_ABOUT_RETURN_TYPE = YES;
				GCC_WARN_UNINITIALIZED_AUTOS = YES;
				GCC_WARN_UNUSED_VARIABLE = YES;
				IPHONEOS_DEPLOYMENT_TARGET = 6.1;
				ONLY_ACTIVE_ARCH = YES;
				SDKROOT = iphoneos;
			};
			name = Debug;
		};
		CB617DB2172066CE00197BD5 /* Release */ = {
			isa = XCBuildConfiguration;
			buildSettings = {
				ALWAYS_SEARCH_USER_PATHS = NO;
				CLANG_CXX_LANGUAGE_STANDARD = "gnu++0x";
				CLANG_CXX_LIBRARY = "libc++";
				CLANG_WARN_CONSTANT_CONVERSION = YES;
				CLANG_WARN_EMPTY_BODY = YES;
				CLANG_WARN_ENUM_CONVERSION = YES;
				CLANG_WARN_INT_CONVERSION = YES;
				CLANG_WARN__DUPLICATE_METHOD_MATCH = YES;
				"CODE_SIGN_IDENTITY[sdk=iphoneos*]" = "iPhone Developer";
				COPY_PHASE_STRIP = YES;
				GCC_C_LANGUAGE_STANDARD = gnu99;
				GCC_WARN_ABOUT_RETURN_TYPE = YES;
				GCC_WARN_UNINITIALIZED_AUTOS = YES;
				GCC_WARN_UNUSED_VARIABLE = YES;
				IPHONEOS_DEPLOYMENT_TARGET = 6.1;
				OTHER_CFLAGS = "-DNS_BLOCK_ASSERTIONS=1";
				SDKROOT = iphoneos;
				VALIDATE_PRODUCT = YES;
			};
			name = Release;
		};
		CB617DB4172066CE00197BD5 /* Debug */ = {
			isa = XCBuildConfiguration;
			buildSettings = {
				GCC_PRECOMPILE_PREFIX_HEADER = YES;
				GCC_PREFIX_HEADER = "AOC1/AOC1-Prefix.pch";
				INFOPLIST_FILE = "AOC1/AOC1-Info.plist";
				PRODUCT_NAME = "$(TARGET_NAME)";
				WRAPPER_EXTENSION = app;
			};
			name = Debug;
		};
		CB617DB5172066CE00197BD5 /* Release */ = {
			isa = XCBuildConfiguration;
			buildSettings = {
				GCC_PRECOMPILE_PREFIX_HEADER = YES;
				GCC_PREFIX_HEADER = "AOC1/AOC1-Prefix.pch";
				INFOPLIST_FILE = "AOC1/AOC1-Info.plist";
				PRODUCT_NAME = "$(TARGET_NAME)";
				WRAPPER_EXTENSION = app;
			};
			name = Release;
		};
/* End XCBuildConfiguration section */

/* Begin XCConfigurationList section */
		CB617D8B172066CE00197BD5 /* Build configuration list for PBXProject "AOC1" */ = {
			isa = XCConfigurationList;
			buildConfigurations = (
				CB617DB1172066CE00197BD5 /* Debug */,
				CB617DB2172066CE00197BD5 /* Release */,
			);
			defaultConfigurationIsVisible = 0;
			defaultConfigurationName = Release;
		};
		CB617DB3172066CE00197BD5 /* Build configuration list for PBXNativeTarget "AOC1" */ = {
			isa = XCConfigurationList;
			buildConfigurations = (
				CB617DB4172066CE00197BD5 /* Debug */,
				CB617DB5172066CE00197BD5 /* Release */,
			);
			defaultConfigurationIsVisible = 0;
		};
/* End XCConfigurationList section */
	};
	rootObject = CB617D88172066CE00197BD5 /* Project object */;
}
